{
  "name": "@pigalle/routes.http",
  "version": "0.1.0-alpha1",
  "lockfileVersion": 1,
  "requires": true,
  "dependencies": {
    "@pigalle/core.base.class": {
      "version": "0.1.0-alpha2",
      "resolved": "https://registry.npmjs.org/@pigalle/core.base.class/-/core.base.class-0.1.0-alpha2.tgz",
      "integrity": "sha512-pi2lFxsnQBxONfglqo+44yOFZUT8GZV+wUrIBlP9vokXEOMB1pnSiCB7HaqlnebKKy0Dt0Ac6dts5l7kCpb+NQ=="
    },
    "@pigalle/routes.base": {
      "version": "0.1.0-alpha1",
      "resolved": "https://registry.npmjs.org/@pigalle/routes.base/-/routes.base-0.1.0-alpha1.tgz",
      "integrity": "sha512-sDOr63f7MA2/MynrokN/tbwI3drFnAfa5X6XTC8lbwz8y4/UtU3BVJFhU0uGGth4tLU2D1d9nZhBHgCrMOgdWA==",
      "requires": {
        "@pigalle/core.base.class": "0.1.0-alpha2"
      }
    }
  }
}
